
Microsoft Visual Studio Solution File, Format Version 12.00
# Visual Studio Version 17
VisualStudioVersion = 17.14.36221.1 d17.14
MinimumVisualStudioVersion = 10.0.40219.1
Project("{FAE04EC0-301F-11D3-BF4B-00C04F79EFBC}") = "SATStreams", "SATStreams\SATStreams.csproj", "{5F06C76E-F651-444B-8EF5-46AE5B9C41AD}"
EndProject
Project("{FAE04EC0-301F-11D3-BF4B-00C04F79EFBC}") = "SATStreamsSolver", "SATStreamsSolver\SATStreamsSolver.csproj", "{6F8A501C-2923-4336-9722-6C35AA34BEB1}"
EndProject
Global
	GlobalSection(SolutionConfigurationPlatforms) = preSolution
		Debug|Any CPU = Debug|Any CPU
		Release|Any CPU = Release|Any CPU
	EndGlobalSection
	GlobalSection(ProjectConfigurationPlatforms) = postSolution
		{5F06C76E-F651-444B-8EF5-46AE5B9C41AD}.Debug|Any CPU.ActiveCfg = Debug|Any CPU
		{5F06C76E-F651-444B-8EF5-46AE5B9C41AD}.Debug|Any CPU.Build.0 = Debug|Any CPU
		{5F06C76E-F651-444B-8EF5-46AE5B9C41AD}.Release|Any CPU.ActiveCfg = Release|Any CPU
		{5F06C76E-F651-444B-8EF5-46AE5B9C41AD}.Release|Any CPU.Build.0 = Release|Any CPU
		{6F8A501C-2923-4336-9722-6C35AA34BEB1}.Debug|Any CPU.ActiveCfg = Debug|Any CPU
		{6F8A501C-2923-4336-9722-6C35AA34BEB1}.Debug|Any CPU.Build.0 = Debug|Any CPU
		{6F8A501C-2923-4336-9722-6C35AA34BEB1}.Release|Any CPU.ActiveCfg = Release|Any CPU
		{6F8A501C-2923-4336-9722-6C35AA34BEB1}.Release|Any CPU.Build.0 = Release|Any CPU
	EndGlobalSection
	GlobalSection(SolutionProperties) = preSolution
		HideSolutionNode = FALSE
	EndGlobalSection
	GlobalSection(ExtensibilityGlobals) = postSolution
		SolutionGuid = {12A4D7E8-3664-42A6-AC67-ED99057A6E64}
	EndGlobalSection
EndGlobal
